# THIS IS AN AUTOGENERATED FILE. DO NOT EDIT THIS FILE DIRECTLY.
# yarn lockfile v1


"@opennetwork/http-representation-node@^3.0.0":
  version "3.0.0"
  resolved "https://registry.npmjs.org/@opennetwork/http-representation-node/-/http-representation-node-3.0.0.tgz#5e9df9e2126fa9c5d99b84e5425129655d0b9c02"
  integrity sha512-ZqNOQBSjQCztyTJOuJVewRcgcOHcUM7T3GFWn9ZNN+y6G4NLNdqG+vkp5Zv1n6fwUofhfkuxisXXRnl4zDkkHw==

"@opennetwork/http-representation@^3.0.0":
  version "3.0.0"
  resolved "https://registry.npmjs.org/@opennetwork/http-representation/-/http-representation-3.0.0.tgz#5665ee2a5900dc53cff207aef491144bed0ce32f"
  integrity sha512-g3davRpiR4m9vMhEtocjiENRBgJRnzNd9tWmO2b9E0z9Je5iVmMuzLvTqdP0p+Ew9RIbIEaC+ayEalIkLVgKOQ==

"@types/node@^13.13.4":
  version "13.13.5"
  resolved "https://registry.npmjs.org/@types/node/-/node-13.13.5.tgz#96ec3b0afafd64a4ccea9107b75bf8489f0e5765"
  integrity sha512-3ySmiBYJPqgjiHA7oEaIo2Rzz0HrOZ7yrNO5HWyaE5q0lQ3BppDZ3N53Miz8bw2I7gh1/zir2MGVZBvpb1zq9g==

balanced-match@^1.0.0:
  version "1.0.0"
  resolved "https://registry.npmjs.org/balanced-match/-/balanced-match-1.0.0.tgz#89b4d199ab2bee49de164ea02b89ce462d71b767"
  integrity sha1-ibTRmasr7kneFk6gK4nORi1xt2c=

bluebird@^3.4.7, bluebird@^3.5.1:
  version "3.7.2"
  resolved "https://registry.npmjs.org/bluebird/-/bluebird-3.7.2.tgz#9f229c15be272454ffa973ace0dbee79a1b0c36f"
  integrity sha512-XpNj6GDQzdfW+r2Wnn7xiSAd7TM3jzkxGXBGTtWKuSXv1xUV+azxAm8jdWZN06QTQk+2N2XB9jRDkvbmQmcRtg==

brace-expansion@^1.1.7:
  version "1.1.11"
  resolved "https://registry.npmjs.org/brace-expansion/-/brace-expansion-1.1.11.tgz#3c7fcbf529d87226f3d2f52b966ff5271eb441dd"
  integrity sha512-iCuPHDFgrHX7H2vEI/5xpz07zSHB00TpugqhmYtVmMO6518mCuRMoOYFldEBl0g187ufozdaHgWKcYFb61qGiA==
  dependencies:
    balanced-match "^1.0.0"
    concat-map "0.0.1"

commander@^5.1.0:
  version "5.1.0"
  resolved "https://registry.npmjs.org/commander/-/commander-5.1.0.tgz#46abbd1652f8e059bddaef99bbdcb2ad9cf179ae"
  integrity sha512-P0CysNDQ7rtVw4QIQtm+MRxV66vKFSvlsQvGYXZWR3qFU0jlMKHZZZgw8e+8DSah4UDKMqnknRDQz+xuQXQ/Zg==

concat-map@0.0.1:
  version "0.0.1"
  resolved "https://registry.npmjs.org/concat-map/-/concat-map-0.0.1.tgz#d8a96bd77fd68df7793a73036a3ba0d5405d477b"
  integrity sha1-2Klr13/Wjfd5OnMDajug1UBdR3s=

err-code@^1.0.0:
  version "1.1.2"
  resolved "https://registry.npmjs.org/err-code/-/err-code-1.1.2.tgz#06e0116d3028f6aef4806849eb0ea6a748ae6960"
  integrity sha1-BuARbTAo9q70gGhJ6w6mp0iuaWA=

esm@^3.2.25:
  version "3.2.25"
  resolved "https://registry.npmjs.org/esm/-/esm-3.2.25.tgz#342c18c29d56157688ba5ce31f8431fbb795cc10"
  integrity sha512-U1suiZ2oDVWv4zPO56S0NcR5QriEahGtdN2OR6FiOG4WJvcjBVFB0qI4+eKoWFH483PKGuLuu6V8Z4T5g63UVA==

extend@^3.0.0:
  version "3.0.2"
  resolved "https://registry.npmjs.org/extend/-/extend-3.0.2.tgz#f8b1136b4071fbd8eb140aff858b1019ec2915fa"
  integrity sha512-fjquC59cD7CyW6urNXK0FBufkZcoiGG80wTuPujX590cB5Ttln20E2UB4S/WARVqhXffZl2LNgS+gQdPIIim/g==

file-js@0.3.0:
  version "0.3.0"
  resolved "https://registry.npmjs.org/file-js/-/file-js-0.3.0.tgz#fab46bf782346c9294499f1f0d2ad07d838f25d1"
  integrity sha1-+rRr94I0bJKUSZ8fDSrQfYOPJdE=
  dependencies:
    bluebird "^3.4.7"
    minimatch "^3.0.3"
    proper-lockfile "^1.2.0"

filehound@^1.17.4:
  version "1.17.4"
  resolved "https://registry.npmjs.org/filehound/-/filehound-1.17.4.tgz#3f5b76c5b3edc1080311ba802e1ad43179e4291e"
  integrity sha512-A74hiTADH20bpFbXBNyKtpqN4Guffa+ROmdGJWNnuCRhaD45UVSVoI6McLcpHYmuaOERrzD3gMV3v9VZq/SHeA==
  dependencies:
    bluebird "^3.5.1"
    file-js "0.3.0"
    lodash "^4.17.10"
    minimatch "^3.0.4"
    moment "^2.22.1"
    unit-compare "^1.0.1"

graceful-fs@^4.1.2:
  version "4.2.4"
  resolved "https://registry.npmjs.org/graceful-fs/-/graceful-fs-4.2.4.tgz#2256bde14d3632958c465ebc96dc467ca07a29fb"
  integrity sha512-WjKPNJF79dtJAVniUlGGWHYGz2jWxT6VhN/4m1NdkbZ2nOsEF+cI1Edgql5zCRhs/VsQYRvrXctxktVXZUkixw==

lodash@^4.17.10:
  version "4.17.15"
  resolved "https://registry.npmjs.org/lodash/-/lodash-4.17.15.tgz#b447f6670a0455bbfeedd11392eff330ea097548"
  integrity sha512-8xOcRHvCjnocdS5cpwXQXVzmmh5e5+saE2QGoeQmbKmRS6J3VQppPOIt0MnmE+4xlZoumy0GPG0D0MVIQbNA1A==

minimatch@^3.0.3, minimatch@^3.0.4:
  version "3.0.4"
  resolved "https://registry.npmjs.org/minimatch/-/minimatch-3.0.4.tgz#5166e286457f03306064be5497e8dbb0c3d32083"
  integrity sha512-yJHVQEhyqPLUTgt9B83PXu6W3rx4MvvHvSUvToogpwoGDOUQ+yDrR0HRot+yOCdCO7u4hX3pWft6kWBBcqh0UA==
  dependencies:
    brace-expansion "^1.1.7"

moment@^2.14.1, moment@^2.22.1:
  version "2.25.3"
  resolved "https://registry.npmjs.org/moment/-/moment-2.25.3.tgz#252ff41319cf41e47761a1a88cab30edfe9808c0"
  integrity sha512-PuYv0PHxZvzc15Sp8ybUCoQ+xpyPWvjOuK72a5ovzp2LI32rJXOiIfyoFoYvG3s6EwwrdkMyWuRiEHSZRLJNdg==

proper-lockfile@^1.2.0:
  version "1.2.0"
  resolved "https://registry.npmjs.org/proper-lockfile/-/proper-lockfile-1.2.0.tgz#ceff5dd89d3e5f10fb75e1e8e76bc75801a59c34"
  integrity sha1-zv9d2J0+XxD7deHo52vHWAGlnDQ=
  dependencies:
    err-code "^1.0.0"
    extend "^3.0.0"
    graceful-fs "^4.1.2"
    retry "^0.10.0"

retry@^0.10.0:
  version "0.10.1"
  resolved "https://registry.npmjs.org/retry/-/retry-0.10.1.tgz#e76388d217992c252750241d3d3956fed98d8ff4"
  integrity sha1-52OI0heZLCUnUCQdPTlW/tmNj/Q=

typescript@^3.8.3:
  version "3.8.3"
  resolved "https://registry.npmjs.org/typescript/-/typescript-3.8.3.tgz#409eb8544ea0335711205869ec458ab109ee1061"
  integrity sha512-MYlEfn5VrLNsgudQTVJeNaQFUAI7DkhnOjdpAp4T+ku1TfQClewlbSuTVHiA+8skNBgaf02TL/kLOvig4y3G8w==

unit-compare@^1.0.1:
  version "1.0.1"
  resolved "https://registry.npmjs.org/unit-compare/-/unit-compare-1.0.1.tgz#0c7459f0e5bf53637ea873ca3cee18de2eeca386"
  integrity sha1-DHRZ8OW/U2N+qHPKPO4Y3i7so4Y=
  dependencies:
    moment "^2.14.1"
